
Microsoft Visual Studio Solution File, Format Version 12.00
# Visual Studio Version 16
VisualStudioVersion = 16.0.28917.182
MinimumVisualStudioVersion = 10.0.40219.1
Project("{9A19103F-16F7-4668-BE54-9A1E7A4F7556}") = "LimiterTest", "Prototypes\LimiterTest\LimiterTest.csproj", "{2FCACC0F-D889-4C10-896F-625CC19533E9}"
EndProject
Project("{9A19103F-16F7-4668-BE54-9A1E7A4F7556}") = "PerformanceTest", "Prototypes\PerformanceTest\PerformanceTest.csproj", "{21552F6D-BD37-4A5D-8D50-4C9F04E026FB}"
EndProject
Project("{2150E333-8FDC-42A3-9474-1A3956D46DE8}") = "Server", "Server", "{4C6F9D05-06C4-495D-9377-E624DCBC712B}"
EndProject
Project("{2150E333-8FDC-42A3-9474-1A3956D46DE8}") = "Common", "Common", "{31FE0C60-0184-4C84-802F-8F868B8AA0E9}"
EndProject
Project("{2150E333-8FDC-42A3-9474-1A3956D46DE8}") = "Runner", "Runner", "{CF0688A3-520B-4D8F-AC9E-24129751BC42}"
EndProject
Project("{2150E333-8FDC-42A3-9474-1A3956D46DE8}") = "Prototypes", "Prototypes", "{1C1EFE3A-0368-43C2-878C-A0AC1FDFD0CA}"
EndProject
Project("{9A19103F-16F7-4668-BE54-9A1E7A4F7556}") = "evocontest.WebApp", "evocontest.WebApp\evocontest.WebApp.csproj", "{FB00C2FB-A67B-41AF-8A9C-C43348D2188C}"
EndProject
Project("{9A19103F-16F7-4668-BE54-9A1E7A4F7556}") = "SecurityTest", "Prototypes\SecurityTest\SecurityTest.csproj", "{0F38D32D-2C4F-4AF6-94B4-5E005C375519}"
EndProject
Project("{9A19103F-16F7-4668-BE54-9A1E7A4F7556}") = "evocontest.Runner.Worker", "evocontest.Runner.Worker\evocontest.Runner.Worker.csproj", "{124FB6D3-7739-45ED-A450-CCDB037D80AC}"
EndProject
Project("{9A19103F-16F7-4668-BE54-9A1E7A4F7556}") = "evocontest.Runner.Host", "evocontest.Runner.Host\evocontest.Runner.Host.csproj", "{A60204D7-A23B-4777-A6B4-DC8471CB5049}"
	ProjectSection(ProjectDependencies) = postProject
		{51A85350-0B8E-4ABF-BFBC-9CD11E75C5C7} = {51A85350-0B8E-4ABF-BFBC-9CD11E75C5C7}
		{124FB6D3-7739-45ED-A450-CCDB037D80AC} = {124FB6D3-7739-45ED-A450-CCDB037D80AC}
	EndProjectSection
EndProject
Project("{9A19103F-16F7-4668-BE54-9A1E7A4F7556}") = "evocontest.Runner.Common", "evocontest.Runner.Common\evocontest.Runner.Common.csproj", "{DB8D3315-02C3-4051-BCB5-A23CA8E01FDC}"
EndProject
Project("{2150E333-8FDC-42A3-9474-1A3956D46DE8}") = "Test", "Test", "{5789610E-904A-4A82-ADAC-ED547F2A92A8}"
EndProject
Project("{9A19103F-16F7-4668-BE54-9A1E7A4F7556}") = "evocontest.Runner.Worker.Test", "evocontest.Runner.Worker.Test\evocontest.Runner.Worker.Test.csproj", "{FB12AD71-A178-4CEE-A20F-E9FF31302210}"
EndProject
Project("{9A19103F-16F7-4668-BE54-9A1E7A4F7556}") = "evocontest.Runner.Common.Test", "evocontest.Runner.Common.Test\evocontest.Runner.Common.Test.csproj", "{7A5C19DE-1655-408B-9CEA-2942993AB934}"
EndProject
Project("{9A19103F-16F7-4668-BE54-9A1E7A4F7556}") = "evocontest.WebApp.Common", "evocontest.WebApp.Common\evocontest.WebApp.Common.csproj", "{D79465BB-675E-4260-800B-D9B7B710D012}"
EndProject
Project("{9A19103F-16F7-4668-BE54-9A1E7A4F7556}") = "evocontest.Common", "evocontest.Common\evocontest.Common.csproj", "{12AC5501-3D4E-4E11-8949-0C971F60D9D9}"
EndProject
Project("{9A19103F-16F7-4668-BE54-9A1E7A4F7556}") = "evocontest.Runner.SubmissionEnvironment", "evocontest.Runner.SubmissionEnvironment\evocontest.Runner.SubmissionEnvironment.csproj", "{51A85350-0B8E-4ABF-BFBC-9CD11E75C5C7}"
EndProject
Project("{9A19103F-16F7-4668-BE54-9A1E7A4F7556}") = "MySubmission", "Prototypes\MySubmission\MySubmission.csproj", "{FA5C6022-57DA-4DC1-AFFE-E455F4DD0A06}"
EndProject
Project("{2150E333-8FDC-42A3-9474-1A3956D46DE8}") = "Solution Items", "Solution Items", "{810F52BF-5E11-4484-B977-9628B8369215}"
	ProjectSection(SolutionItems) = preProject
		.gitignore = .gitignore
		global.json = global.json
		LICENSE = LICENSE
		README.md = README.md
	EndProjectSection
EndProject
Project("{9A19103F-16F7-4668-BE54-9A1E7A4F7556}") = "ScreenTest", "Prototypes\ScreenTest\ScreenTest.csproj", "{DA070788-999E-4304-8F18-832B17810CF3}"
EndProject
Project("{9A19103F-16F7-4668-BE54-9A1E7A4F7556}") = "evocontest.Runner.RaspberryPiUtilities", "evocontest.Runner.RaspberryPiUtilities\evocontest.Runner.RaspberryPiUtilities.csproj", "{9D43F797-F769-4D02-A003-8CF0139E6D72}"
EndProject
Project("{9A19103F-16F7-4668-BE54-9A1E7A4F7556}") = "evocontest.Submission.Test", "evocontest.Submission.Test\evocontest.Submission.Test.csproj", "{CEC8C5B0-80FD-473F-A0DA-9AD19EB1BAE8}"
EndProject
Project("{2150E333-8FDC-42A3-9474-1A3956D46DE8}") = "Submission", "Submission", "{9891A932-73D2-41AB-A42A-C501E1DE58FD}"
EndProject
Project("{9A19103F-16F7-4668-BE54-9A1E7A4F7556}") = "evocontest.Submission", "evocontest.Submission\evocontest.Submission.csproj", "{7EEE357E-EDE8-44EF-A538-FF5768162C0E}"
EndProject
Project("{9A19103F-16F7-4668-BE54-9A1E7A4F7556}") = "InputGeneratorTest", "Prototypes\InputGeneratorTest\InputGeneratorTest.csproj", "{BA788D5A-BB75-4F06-A172-BA18E75B2EEE}"
EndProject
Project("{FAE04EC0-301F-11D3-BF4B-00C04F79EFBC}") = "evocontest.WebApp.Placeholder", "evocontest.WebApp.Placeholder\evocontest.WebApp.Placeholder.csproj", "{E942E14E-FFC6-4C71-B5B9-A465FAF78DBC}"
EndProject
Global
	GlobalSection(SolutionConfigurationPlatforms) = preSolution
		Debug|Any CPU = Debug|Any CPU
		Release|Any CPU = Release|Any CPU
	EndGlobalSection
	GlobalSection(ProjectConfigurationPlatforms) = postSolution
		{2FCACC0F-D889-4C10-896F-625CC19533E9}.Debug|Any CPU.ActiveCfg = Debug|Any CPU
		{2FCACC0F-D889-4C10-896F-625CC19533E9}.Debug|Any CPU.Build.0 = Debug|Any CPU
		{2FCACC0F-D889-4C10-896F-625CC19533E9}.Release|Any CPU.ActiveCfg = Release|Any CPU
		{2FCACC0F-D889-4C10-896F-625CC19533E9}.Release|Any CPU.Build.0 = Release|Any CPU
		{21552F6D-BD37-4A5D-8D50-4C9F04E026FB}.Debug|Any CPU.ActiveCfg = Debug|Any CPU
		{21552F6D-BD37-4A5D-8D50-4C9F04E026FB}.Debug|Any CPU.Build.0 = Debug|Any CPU
		{21552F6D-BD37-4A5D-8D50-4C9F04E026FB}.Release|Any CPU.ActiveCfg = Release|Any CPU
		{21552F6D-BD37-4A5D-8D50-4C9F04E026FB}.Release|Any CPU.Build.0 = Release|Any CPU
		{FB00C2FB-A67B-41AF-8A9C-C43348D2188C}.Debug|Any CPU.ActiveCfg = Debug|Any CPU
		{FB00C2FB-A67B-41AF-8A9C-C43348D2188C}.Debug|Any CPU.Build.0 = Debug|Any CPU
		{FB00C2FB-A67B-41AF-8A9C-C43348D2188C}.Release|Any CPU.ActiveCfg = Release|Any CPU
		{FB00C2FB-A67B-41AF-8A9C-C43348D2188C}.Release|Any CPU.Build.0 = Release|Any CPU
		{0F38D32D-2C4F-4AF6-94B4-5E005C375519}.Debug|Any CPU.ActiveCfg = Debug|Any CPU
		{0F38D32D-2C4F-4AF6-94B4-5E005C375519}.Debug|Any CPU.Build.0 = Debug|Any CPU
		{0F38D32D-2C4F-4AF6-94B4-5E005C375519}.Release|Any CPU.ActiveCfg = Release|Any CPU
		{0F38D32D-2C4F-4AF6-94B4-5E005C375519}.Release|Any CPU.Build.0 = Release|Any CPU
		{124FB6D3-7739-45ED-A450-CCDB037D80AC}.Debug|Any CPU.ActiveCfg = Debug|Any CPU
		{124FB6D3-7739-45ED-A450-CCDB037D80AC}.Debug|Any CPU.Build.0 = Debug|Any CPU
		{124FB6D3-7739-45ED-A450-CCDB037D80AC}.Release|Any CPU.ActiveCfg = Release|Any CPU
		{124FB6D3-7739-45ED-A450-CCDB037D80AC}.Release|Any CPU.Build.0 = Release|Any CPU
		{A60204D7-A23B-4777-A6B4-DC8471CB5049}.Debug|Any CPU.ActiveCfg = Debug|Any CPU
		{A60204D7-A23B-4777-A6B4-DC8471CB5049}.Debug|Any CPU.Build.0 = Debug|Any CPU
		{A60204D7-A23B-4777-A6B4-DC8471CB5049}.Release|Any CPU.ActiveCfg = Release|Any CPU
		{A60204D7-A23B-4777-A6B4-DC8471CB5049}.Release|Any CPU.Build.0 = Release|Any CPU
		{DB8D3315-02C3-4051-BCB5-A23CA8E01FDC}.Debug|Any CPU.ActiveCfg = Debug|Any CPU
		{DB8D3315-02C3-4051-BCB5-A23CA8E01FDC}.Debug|Any CPU.Build.0 = Debug|Any CPU
		{DB8D3315-02C3-4051-BCB5-A23CA8E01FDC}.Release|Any CPU.ActiveCfg = Release|Any CPU
		{DB8D3315-02C3-4051-BCB5-A23CA8E01FDC}.Release|Any CPU.Build.0 = Release|Any CPU
		{FB12AD71-A178-4CEE-A20F-E9FF31302210}.Debug|Any CPU.ActiveCfg = Debug|Any CPU
		{FB12AD71-A178-4CEE-A20F-E9FF31302210}.Debug|Any CPU.Build.0 = Debug|Any CPU
		{FB12AD71-A178-4CEE-A20F-E9FF31302210}.Release|Any CPU.ActiveCfg = Release|Any CPU
		{FB12AD71-A178-4CEE-A20F-E9FF31302210}.Release|Any CPU.Build.0 = Release|Any CPU
		{7A5C19DE-1655-408B-9CEA-2942993AB934}.Debug|Any CPU.ActiveCfg = Debug|Any CPU
		{7A5C19DE-1655-408B-9CEA-2942993AB934}.Debug|Any CPU.Build.0 = Debug|Any CPU
		{7A5C19DE-1655-408B-9CEA-2942993AB934}.Release|Any CPU.ActiveCfg = Release|Any CPU
		{7A5C19DE-1655-408B-9CEA-2942993AB934}.Release|Any CPU.Build.0 = Release|Any CPU
		{D79465BB-675E-4260-800B-D9B7B710D012}.Debug|Any CPU.ActiveCfg = Debug|Any CPU
		{D79465BB-675E-4260-800B-D9B7B710D012}.Debug|Any CPU.Build.0 = Debug|Any CPU
		{D79465BB-675E-4260-800B-D9B7B710D012}.Release|Any CPU.ActiveCfg = Release|Any CPU
		{D79465BB-675E-4260-800B-D9B7B710D012}.Release|Any CPU.Build.0 = Release|Any CPU
		{12AC5501-3D4E-4E11-8949-0C971F60D9D9}.Debug|Any CPU.ActiveCfg = Debug|Any CPU
		{12AC5501-3D4E-4E11-8949-0C971F60D9D9}.Debug|Any CPU.Build.0 = Debug|Any CPU
		{12AC5501-3D4E-4E11-8949-0C971F60D9D9}.Release|Any CPU.ActiveCfg = Release|Any CPU
		{12AC5501-3D4E-4E11-8949-0C971F60D9D9}.Release|Any CPU.Build.0 = Release|Any CPU
		{51A85350-0B8E-4ABF-BFBC-9CD11E75C5C7}.Debug|Any CPU.ActiveCfg = Debug|Any CPU
		{51A85350-0B8E-4ABF-BFBC-9CD11E75C5C7}.Debug|Any CPU.Build.0 = Debug|Any CPU
		{51A85350-0B8E-4ABF-BFBC-9CD11E75C5C7}.Release|Any CPU.ActiveCfg = Release|Any CPU
		{51A85350-0B8E-4ABF-BFBC-9CD11E75C5C7}.Release|Any CPU.Build.0 = Release|Any CPU
		{FA5C6022-57DA-4DC1-AFFE-E455F4DD0A06}.Debug|Any CPU.ActiveCfg = Debug|Any CPU
		{FA5C6022-57DA-4DC1-AFFE-E455F4DD0A06}.Debug|Any CPU.Build.0 = Debug|Any CPU
		{FA5C6022-57DA-4DC1-AFFE-E455F4DD0A06}.Release|Any CPU.ActiveCfg = Release|Any CPU
		{FA5C6022-57DA-4DC1-AFFE-E455F4DD0A06}.Release|Any CPU.Build.0 = Release|Any CPU
		{DA070788-999E-4304-8F18-832B17810CF3}.Debug|Any CPU.ActiveCfg = Debug|Any CPU
		{DA070788-999E-4304-8F18-832B17810CF3}.Debug|Any CPU.Build.0 = Debug|Any CPU
		{DA070788-999E-4304-8F18-832B17810CF3}.Release|Any CPU.ActiveCfg = Release|Any CPU
		{DA070788-999E-4304-8F18-832B17810CF3}.Release|Any CPU.Build.0 = Release|Any CPU
		{9D43F797-F769-4D02-A003-8CF0139E6D72}.Debug|Any CPU.ActiveCfg = Debug|Any CPU
		{9D43F797-F769-4D02-A003-8CF0139E6D72}.Debug|Any CPU.Build.0 = Debug|Any CPU
		{9D43F797-F769-4D02-A003-8CF0139E6D72}.Release|Any CPU.ActiveCfg = Release|Any CPU
		{9D43F797-F769-4D02-A003-8CF0139E6D72}.Release|Any CPU.Build.0 = Release|Any CPU
		{CEC8C5B0-80FD-473F-A0DA-9AD19EB1BAE8}.Debug|Any CPU.ActiveCfg = Debug|Any CPU
		{CEC8C5B0-80FD-473F-A0DA-9AD19EB1BAE8}.Debug|Any CPU.Build.0 = Debug|Any CPU
		{CEC8C5B0-80FD-473F-A0DA-9AD19EB1BAE8}.Release|Any CPU.ActiveCfg = Release|Any CPU
		{CEC8C5B0-80FD-473F-A0DA-9AD19EB1BAE8}.Release|Any CPU.Build.0 = Release|Any CPU
		{7EEE357E-EDE8-44EF-A538-FF5768162C0E}.Debug|Any CPU.ActiveCfg = Debug|Any CPU
		{7EEE357E-EDE8-44EF-A538-FF5768162C0E}.Debug|Any CPU.Build.0 = Debug|Any CPU
		{7EEE357E-EDE8-44EF-A538-FF5768162C0E}.Release|Any CPU.ActiveCfg = Release|Any CPU
		{7EEE357E-EDE8-44EF-A538-FF5768162C0E}.Release|Any CPU.Build.0 = Release|Any CPU
		{BA788D5A-BB75-4F06-A172-BA18E75B2EEE}.Debug|Any CPU.ActiveCfg = Debug|Any CPU
		{BA788D5A-BB75-4F06-A172-BA18E75B2EEE}.Debug|Any CPU.Build.0 = Debug|Any CPU
		{BA788D5A-BB75-4F06-A172-BA18E75B2EEE}.Release|Any CPU.ActiveCfg = Release|Any CPU
		{BA788D5A-BB75-4F06-A172-BA18E75B2EEE}.Release|Any CPU.Build.0 = Release|Any CPU
		{E942E14E-FFC6-4C71-B5B9-A465FAF78DBC}.Debug|Any CPU.ActiveCfg = Debug|Any CPU
		{E942E14E-FFC6-4C71-B5B9-A465FAF78DBC}.Debug|Any CPU.Build.0 = Debug|Any CPU
		{E942E14E-FFC6-4C71-B5B9-A465FAF78DBC}.Release|Any CPU.ActiveCfg = Release|Any CPU
		{E942E14E-FFC6-4C71-B5B9-A465FAF78DBC}.Release|Any CPU.Build.0 = Release|Any CPU
	EndGlobalSection
	GlobalSection(SolutionProperties) = preSolution
		HideSolutionNode = FALSE
	EndGlobalSection
	GlobalSection(NestedProjects) = preSolution
		{2FCACC0F-D889-4C10-896F-625CC19533E9} = {1C1EFE3A-0368-43C2-878C-A0AC1FDFD0CA}
		{21552F6D-BD37-4A5D-8D50-4C9F04E026FB} = {1C1EFE3A-0368-43C2-878C-A0AC1FDFD0CA}
		{FB00C2FB-A67B-41AF-8A9C-C43348D2188C} = {4C6F9D05-06C4-495D-9377-E624DCBC712B}
		{0F38D32D-2C4F-4AF6-94B4-5E005C375519} = {1C1EFE3A-0368-43C2-878C-A0AC1FDFD0CA}
		{124FB6D3-7739-45ED-A450-CCDB037D80AC} = {CF0688A3-520B-4D8F-AC9E-24129751BC42}
		{A60204D7-A23B-4777-A6B4-DC8471CB5049} = {CF0688A3-520B-4D8F-AC9E-24129751BC42}
		{DB8D3315-02C3-4051-BCB5-A23CA8E01FDC} = {CF0688A3-520B-4D8F-AC9E-24129751BC42}
		{FB12AD71-A178-4CEE-A20F-E9FF31302210} = {5789610E-904A-4A82-ADAC-ED547F2A92A8}
		{7A5C19DE-1655-408B-9CEA-2942993AB934} = {5789610E-904A-4A82-ADAC-ED547F2A92A8}
		{D79465BB-675E-4260-800B-D9B7B710D012} = {4C6F9D05-06C4-495D-9377-E624DCBC712B}
		{12AC5501-3D4E-4E11-8949-0C971F60D9D9} = {31FE0C60-0184-4C84-802F-8F868B8AA0E9}
		{51A85350-0B8E-4ABF-BFBC-9CD11E75C5C7} = {CF0688A3-520B-4D8F-AC9E-24129751BC42}
		{FA5C6022-57DA-4DC1-AFFE-E455F4DD0A06} = {1C1EFE3A-0368-43C2-878C-A0AC1FDFD0CA}
		{DA070788-999E-4304-8F18-832B17810CF3} = {1C1EFE3A-0368-43C2-878C-A0AC1FDFD0CA}
		{9D43F797-F769-4D02-A003-8CF0139E6D72} = {CF0688A3-520B-4D8F-AC9E-24129751BC42}
		{CEC8C5B0-80FD-473F-A0DA-9AD19EB1BAE8} = {5789610E-904A-4A82-ADAC-ED547F2A92A8}
		{7EEE357E-EDE8-44EF-A538-FF5768162C0E} = {9891A932-73D2-41AB-A42A-C501E1DE58FD}
		{BA788D5A-BB75-4F06-A172-BA18E75B2EEE} = {1C1EFE3A-0368-43C2-878C-A0AC1FDFD0CA}
		{E942E14E-FFC6-4C71-B5B9-A465FAF78DBC} = {4C6F9D05-06C4-495D-9377-E624DCBC712B}
	EndGlobalSection
	GlobalSection(ExtensibilityGlobals) = postSolution
		SolutionGuid = {27104867-D5A0-4652-B00E-91E995E65CF8}
	EndGlobalSection
EndGlobal
