
Microsoft Visual Studio Solution File, Format Version 12.00
# Visual Studio Version 16
VisualStudioVersion = 16.0.28917.182
MinimumVisualStudioVersion = 10.0.40219.1
Project("{9A19103F-16F7-4668-BE54-9A1E7A4F7556}") = "LimiterTest", "LimiterTest\LimiterTest.csproj", "{2FCACC0F-D889-4C10-896F-625CC19533E9}"
EndProject
Project("{9A19103F-16F7-4668-BE54-9A1E7A4F7556}") = "PerformanceTest", "PerformanceTest\PerformanceTest.csproj", "{21552F6D-BD37-4A5D-8D50-4C9F04E026FB}"
EndProject
Project("{2150E333-8FDC-42A3-9474-1A3956D46DE8}") = "Server", "Server", "{4C6F9D05-06C4-495D-9377-E624DCBC712B}"
EndProject
Project("{2150E333-8FDC-42A3-9474-1A3956D46DE8}") = "Common", "Common", "{31FE0C60-0184-4C84-802F-8F868B8AA0E9}"
EndProject
Project("{2150E333-8FDC-42A3-9474-1A3956D46DE8}") = "Runner", "Runner", "{CF0688A3-520B-4D8F-AC9E-24129751BC42}"
EndProject
Project("{2150E333-8FDC-42A3-9474-1A3956D46DE8}") = "Testing", "Testing", "{1C1EFE3A-0368-43C2-878C-A0AC1FDFD0CA}"
EndProject
Project("{FAE04EC0-301F-11D3-BF4B-00C04F79EFBC}") = "evowar19.WebApp", "evowar19.WebApp\evowar19.WebApp.csproj", "{869FA880-5E9E-4160-B773-E6DD88EA89D0}"
EndProject
Global
	GlobalSection(SolutionConfigurationPlatforms) = preSolution
		Debug|Any CPU = Debug|Any CPU
		Release|Any CPU = Release|Any CPU
	EndGlobalSection
	GlobalSection(ProjectConfigurationPlatforms) = postSolution
		{2FCACC0F-D889-4C10-896F-625CC19533E9}.Debug|Any CPU.ActiveCfg = Debug|Any CPU
		{2FCACC0F-D889-4C10-896F-625CC19533E9}.Debug|Any CPU.Build.0 = Debug|Any CPU
		{2FCACC0F-D889-4C10-896F-625CC19533E9}.Release|Any CPU.ActiveCfg = Release|Any CPU
		{2FCACC0F-D889-4C10-896F-625CC19533E9}.Release|Any CPU.Build.0 = Release|Any CPU
		{21552F6D-BD37-4A5D-8D50-4C9F04E026FB}.Debug|Any CPU.ActiveCfg = Debug|Any CPU
		{21552F6D-BD37-4A5D-8D50-4C9F04E026FB}.Debug|Any CPU.Build.0 = Debug|Any CPU
		{21552F6D-BD37-4A5D-8D50-4C9F04E026FB}.Release|Any CPU.ActiveCfg = Release|Any CPU
		{21552F6D-BD37-4A5D-8D50-4C9F04E026FB}.Release|Any CPU.Build.0 = Release|Any CPU
		{869FA880-5E9E-4160-B773-E6DD88EA89D0}.Debug|Any CPU.ActiveCfg = Debug|Any CPU
		{869FA880-5E9E-4160-B773-E6DD88EA89D0}.Debug|Any CPU.Build.0 = Debug|Any CPU
		{869FA880-5E9E-4160-B773-E6DD88EA89D0}.Release|Any CPU.ActiveCfg = Release|Any CPU
		{869FA880-5E9E-4160-B773-E6DD88EA89D0}.Release|Any CPU.Build.0 = Release|Any CPU
	EndGlobalSection
	GlobalSection(SolutionProperties) = preSolution
		HideSolutionNode = FALSE
	EndGlobalSection
	GlobalSection(NestedProjects) = preSolution
		{2FCACC0F-D889-4C10-896F-625CC19533E9} = {1C1EFE3A-0368-43C2-878C-A0AC1FDFD0CA}
		{21552F6D-BD37-4A5D-8D50-4C9F04E026FB} = {1C1EFE3A-0368-43C2-878C-A0AC1FDFD0CA}
		{869FA880-5E9E-4160-B773-E6DD88EA89D0} = {4C6F9D05-06C4-495D-9377-E624DCBC712B}
	EndGlobalSection
	GlobalSection(ExtensibilityGlobals) = postSolution
		SolutionGuid = {27104867-D5A0-4652-B00E-91E995E65CF8}
	EndGlobalSection
EndGlobal
