
Microsoft Visual Studio Solution File, Format Version 12.00
# Visual Studio Version 16
VisualStudioVersion = 16.0.28917.182
MinimumVisualStudioVersion = 10.0.40219.1
Project("{FAE04EC0-301F-11D3-BF4B-00C04F79EFBC}") = "LimiterTest", "LimiterTest\LimiterTest.csproj", "{2FCACC0F-D889-4C10-896F-625CC19533E9}"
EndProject
Global
	GlobalSection(SolutionConfigurationPlatforms) = preSolution
		Debug|Any CPU = Debug|Any CPU
		Release|Any CPU = Release|Any CPU
	EndGlobalSection
	GlobalSection(ProjectConfigurationPlatforms) = postSolution
		{2FCACC0F-D889-4C10-896F-625CC19533E9}.Debug|Any CPU.ActiveCfg = Debug|Any CPU
		{2FCACC0F-D889-4C10-896F-625CC19533E9}.Debug|Any CPU.Build.0 = Debug|Any CPU
		{2FCACC0F-D889-4C10-896F-625CC19533E9}.Release|Any CPU.ActiveCfg = Release|Any CPU
		{2FCACC0F-D889-4C10-896F-625CC19533E9}.Release|Any CPU.Build.0 = Release|Any CPU
	EndGlobalSection
	GlobalSection(SolutionProperties) = preSolution
		HideSolutionNode = FALSE
	EndGlobalSection
	GlobalSection(ExtensibilityGlobals) = postSolution
		SolutionGuid = {27104867-D5A0-4652-B00E-91E995E65CF8}
	EndGlobalSection
EndGlobal
